
Microsoft Visual Studio Solution File, Format Version 12.00
Project("{FAE04EC0-301F-11D3-BF4B-00C04F79EFBC}") = "Expenso.Api", "src\Api\Expenso.Api\Expenso.Api.csproj", "{7282BA62-2026-4B42-8A11-581AB03F589C}"
EndProject
Project("{2150E333-8FDC-42A3-9474-1A3956D46DE8}") = "Api", "Api", "{F3AA041E-331E-4B9B-80E6-A984C496E476}"
EndProject
Project("{2150E333-8FDC-42A3-9474-1A3956D46DE8}") = "IAM", "IAM", "{BBB20D6E-C8C9-4169-9F46-44E307B5A545}"
EndProject
Project("{FAE04EC0-301F-11D3-BF4B-00C04F79EFBC}") = "Expenso.IAM.Core", "src\IAM\Expenso.IAM.Core\Expenso.IAM.Core.csproj", "{E2322B34-8666-4211-AA0C-967EF97D0E7C}"
EndProject
Project("{FAE04EC0-301F-11D3-BF4B-00C04F79EFBC}") = "Expenso.IAM.Api", "src\IAM\Expenso.IAM.Api\Expenso.IAM.Api.csproj", "{F6F94FB3-9F5C-4FF3-9485-E6CB7698F630}"
EndProject
Project("{2150E333-8FDC-42A3-9474-1A3956D46DE8}") = "Docker", "Docker", "{40DE932E-6831-43C1-BA1D-55051A17EAC9}"
EndProject
Project("{2150E333-8FDC-42A3-9474-1A3956D46DE8}") = "Src", "Src", "{B1E958E3-FBD0-4068-BEF5-84103D0870AC}"
EndProject
Global
	GlobalSection(SolutionConfigurationPlatforms) = preSolution
		Debug|Any CPU = Debug|Any CPU
		Release|Any CPU = Release|Any CPU
	EndGlobalSection
	GlobalSection(ProjectConfigurationPlatforms) = postSolution
		{7282BA62-2026-4B42-8A11-581AB03F589C}.Debug|Any CPU.ActiveCfg = Debug|Any CPU
		{7282BA62-2026-4B42-8A11-581AB03F589C}.Debug|Any CPU.Build.0 = Debug|Any CPU
		{7282BA62-2026-4B42-8A11-581AB03F589C}.Release|Any CPU.ActiveCfg = Release|Any CPU
		{7282BA62-2026-4B42-8A11-581AB03F589C}.Release|Any CPU.Build.0 = Release|Any CPU
		{E2322B34-8666-4211-AA0C-967EF97D0E7C}.Debug|Any CPU.ActiveCfg = Debug|Any CPU
		{E2322B34-8666-4211-AA0C-967EF97D0E7C}.Debug|Any CPU.Build.0 = Debug|Any CPU
		{E2322B34-8666-4211-AA0C-967EF97D0E7C}.Release|Any CPU.ActiveCfg = Release|Any CPU
		{E2322B34-8666-4211-AA0C-967EF97D0E7C}.Release|Any CPU.Build.0 = Release|Any CPU
		{F6F94FB3-9F5C-4FF3-9485-E6CB7698F630}.Debug|Any CPU.ActiveCfg = Debug|Any CPU
		{F6F94FB3-9F5C-4FF3-9485-E6CB7698F630}.Debug|Any CPU.Build.0 = Debug|Any CPU
		{F6F94FB3-9F5C-4FF3-9485-E6CB7698F630}.Release|Any CPU.ActiveCfg = Release|Any CPU
		{F6F94FB3-9F5C-4FF3-9485-E6CB7698F630}.Release|Any CPU.Build.0 = Release|Any CPU
	EndGlobalSection
	GlobalSection(NestedProjects) = preSolution
		{7282BA62-2026-4B42-8A11-581AB03F589C} = {F3AA041E-331E-4B9B-80E6-A984C496E476}
		{E2322B34-8666-4211-AA0C-967EF97D0E7C} = {BBB20D6E-C8C9-4169-9F46-44E307B5A545}
		{F6F94FB3-9F5C-4FF3-9485-E6CB7698F630} = {BBB20D6E-C8C9-4169-9F46-44E307B5A545}
		{F3AA041E-331E-4B9B-80E6-A984C496E476} = {B1E958E3-FBD0-4068-BEF5-84103D0870AC}
		{BBB20D6E-C8C9-4169-9F46-44E307B5A545} = {B1E958E3-FBD0-4068-BEF5-84103D0870AC}
	EndGlobalSection
EndGlobal
