
Microsoft Visual Studio Solution File, Format Version 12.00
Project("{FAE04EC0-301F-11D3-BF4B-00C04F79EFBC}") = "Expenso.Api", "Src\Api\Expenso.Api\Expenso.Api.csproj", "{7282BA62-2026-4B42-8A11-581AB03F589C}"
EndProject
Project("{2150E333-8FDC-42A3-9474-1A3956D46DE8}") = "Api", "Api", "{F3AA041E-331E-4B9B-80E6-A984C496E476}"
EndProject
Project("{2150E333-8FDC-42A3-9474-1A3956D46DE8}") = "IAM", "IAM", "{BBB20D6E-C8C9-4169-9F46-44E307B5A545}"
EndProject
Project("{FAE04EC0-301F-11D3-BF4B-00C04F79EFBC}") = "Expenso.IAM.Core", "Src\IAM\Expenso.IAM.Core\Expenso.IAM.Core.csproj", "{E2322B34-8666-4211-AA0C-967EF97D0E7C}"
EndProject
Project("{FAE04EC0-301F-11D3-BF4B-00C04F79EFBC}") = "Expenso.IAM.Api", "Src\IAM\Expenso.IAM.Api\Expenso.IAM.Api.csproj", "{F6F94FB3-9F5C-4FF3-9485-E6CB7698F630}"
EndProject
Project("{2150E333-8FDC-42A3-9474-1A3956D46DE8}") = "Src", "Src", "{B1E958E3-FBD0-4068-BEF5-84103D0870AC}"
EndProject
Project("{FAE04EC0-301F-11D3-BF4B-00C04F79EFBC}") = "Expenso.IAM.Proxy", "Src\IAM\Expenso.IAM.Proxy\Expenso.IAM.Proxy.csproj", "{398A363A-BE22-4ADE-9855-888A6E68EF93}"
EndProject
Project("{2150E333-8FDC-42A3-9474-1A3956D46DE8}") = "Shared", "Shared", "{CF5195DB-3FF6-4592-9C13-9520176C8E5F}"
EndProject
Project("{FAE04EC0-301F-11D3-BF4B-00C04F79EFBC}") = "Expenso.Shared.UserContext", "Src\Shared\Expenso.Shared.UserContext\Expenso.Shared.UserContext.csproj", "{5D2D371D-A678-4A0C-BC06-7AD486550467}"
EndProject
Project("{FAE04EC0-301F-11D3-BF4B-00C04F79EFBC}") = "Expenso.Shared.ModuleDefinition", "Src\Shared\Expenso.Shared.ModuleDefinition\Expenso.Shared.ModuleDefinition.csproj", "{FF1D2BA4-BA71-4989-AA03-179772F12B92}"
EndProject
Project("{FAE04EC0-301F-11D3-BF4B-00C04F79EFBC}") = "Expenso.IAM.Tests.UnitTests", "Src\IAM\Tests\Expenso.IAM.Tests.UnitTests\Expenso.IAM.Tests.UnitTests.csproj", "{DDF64A42-1D63-4932-96D9-999CFA6C81B0}"
EndProject
Project("{FAE04EC0-301F-11D3-BF4B-00C04F79EFBC}") = "Expenso.Shared.Tests.UnitTests", "Src\Shared\Tests\Expenso.Shared.Tests.UnitTests\Expenso.Shared.Tests.UnitTests.csproj", "{26F9F020-DB9F-4CD6-AFC6-D6F5D919B228}"
EndProject
Project("{FAE04EC0-301F-11D3-BF4B-00C04F79EFBC}") = "Expenso.Shared.Tests.Utils.UnitTests", "Src\Shared\Tests\Utils\Expenso.Shared.Tests.Utils.UnitTests\Expenso.Shared.Tests.Utils.UnitTests.csproj", "{F3CE72DD-AF4C-4D93-B4BC-F69FA6719E8A}"
EndProject
Project("{FAE04EC0-301F-11D3-BF4B-00C04F79EFBC}") = "Expenso.Api.Tests.UnitTests", "Src\Api\Tests\Expenso.Api.Tests.UnitTests\Expenso.Api.Tests.UnitTests.csproj", "{FBF70C6C-1F0E-435D-8215-9F9F21BAC694}"
EndProject
Project("{FAE04EC0-301F-11D3-BF4B-00C04F79EFBC}") = "Expenso.Api.Tests.E2E", "Src\Api\Tests\Expenso.Api.Tests.E2E\Expenso.Api.Tests.E2E.csproj", "{59946FE9-DD3B-4993-937A-C72D5115E46A}"
EndProject
Project("{FAE04EC0-301F-11D3-BF4B-00C04F79EFBC}") = "Expenso.Shared.Types", "Src\Shared\Expenso.Shared.Types\Expenso.Shared.Types.csproj", "{4B7494A6-E2F6-482D-8903-0BE1CE1C0BD9}"
EndProject
Project("{2150E333-8FDC-42A3-9474-1A3956D46DE8}") = "Tests", "Tests", "{0BA6D3D2-F419-4ED3-A9CB-2B83BF2EFC2D}"
EndProject
Project("{2150E333-8FDC-42A3-9474-1A3956D46DE8}") = "Tests", "Tests", "{2F75B7B1-FF30-4B6F-82FB-27008C4053CE}"
EndProject
Project("{2150E333-8FDC-42A3-9474-1A3956D46DE8}") = "Tests", "Tests", "{9E8F93B9-874E-456E-849D-3370BDA7D2FD}"
EndProject
Project("{FAE04EC0-301F-11D3-BF4B-00C04F79EFBC}") = "Expenso.Api.Tests.ArchTests", "Src\Api\Tests\Expenso.Api.Tests.ArchTests\Expenso.Api.Tests.ArchTests.csproj", "{C4D321EE-FA45-49F0-B5AC-AF1433E9A471}"
EndProject
Project("{FAE04EC0-301F-11D3-BF4B-00C04F79EFBC}") = "Expenso.IAM.Tests.ArchTests", "Src\IAM\Tests\Expenso.IAM.Tests.ArchTests\Expenso.IAM.Tests.ArchTests.csproj", "{AAC1814D-9D18-40E9-802B-8D6C6187CE10}"
EndProject
Project("{FAE04EC0-301F-11D3-BF4B-00C04F79EFBC}") = "Expenso.Shared.Tests.ArchTests", "Src\Shared\Tests\Expenso.Shared.Tests.ArchTests\Expenso.Shared.Tests.ArchTests.csproj", "{B9A8FC83-CB2D-4031-AD81-4A01E10E93C0}"
EndProject
Project("{FAE04EC0-301F-11D3-BF4B-00C04F79EFBC}") = "Expenso.Shared.Tests.Utils.ArchTests", "Src\Shared\Tests\Utils\Expenso.Shared.Tests.Utils.ArchTests\Expenso.Shared.Tests.Utils.ArchTests.csproj", "{56445107-59DD-4309-8219-0D7E0D4CC7A1}"
EndProject
Project("{2150E333-8FDC-42A3-9474-1A3956D46DE8}") = ".github", ".github", "{5BF64440-1E3C-4AB3-9A4F-4A458235610F}"
	ProjectSection(SolutionItems) = preProject
		.github\workflows\audit.yml = .github\workflows\audit.yml
		.github\workflows\test.yml = .github\workflows\test.yml
		.github\workflows\sanity.yml = .github\workflows\sanity.yml
	EndProjectSection
EndProject
Project("{2150E333-8FDC-42A3-9474-1A3956D46DE8}") = "Utils", "Utils", "{59FB7D8C-374D-45B9-A17E-446B92720E07}"
EndProject
Project("{2150E333-8FDC-42A3-9474-1A3956D46DE8}") = "UserPreferences", "UserPreferences", "{F08AB9A7-2197-4534-81F2-46E1492686B2}"
EndProject
Project("{2150E333-8FDC-42A3-9474-1A3956D46DE8}") = "Tests", "Tests", "{B9A11BA6-E295-4937-8B7B-43F3B2F5D78F}"
EndProject
Project("{FAE04EC0-301F-11D3-BF4B-00C04F79EFBC}") = "Expenso.UserPreferences.Tests.UnitTests", "Src\UserPreferences\Tests\Expenso.UserPreferences.Tests.UnitTests\Expenso.UserPreferences.Tests.UnitTests.csproj", "{D55F5973-0460-409E-9373-DAB5E61AB5F7}"
EndProject
Project("{FAE04EC0-301F-11D3-BF4B-00C04F79EFBC}") = "Expenso.UserPreferences.Tests.ArchTests", "Src\UserPreferences\Tests\Expenso.UserPreferences.Tests.ArchTests\Expenso.UserPreferences.Tests.ArchTests.csproj", "{2231CF6B-9548-4D28-9279-0DA907E8485B}"
EndProject
Project("{FAE04EC0-301F-11D3-BF4B-00C04F79EFBC}") = "Expenso.UserPreferences.Api", "Src\UserPreferences\Expenso.UserPreferences.Api\Expenso.UserPreferences.Api.csproj", "{E562060D-92AF-4A39-9909-1211F3FAF9DD}"
EndProject
Project("{FAE04EC0-301F-11D3-BF4B-00C04F79EFBC}") = "Expenso.UserPreferences.Core", "Src\UserPreferences\Expenso.UserPreferences.Core\Expenso.UserPreferences.Core.csproj", "{9C00CE73-6238-40F7-B1FB-57EB5EA0E816}"
EndProject
Project("{FAE04EC0-301F-11D3-BF4B-00C04F79EFBC}") = "Expenso.UserPreferences.Proxy", "Src\UserPreferences\Expenso.UserPreferences.Proxy\Expenso.UserPreferences.Proxy.csproj", "{30C8E320-20DF-49A2-BC60-83614B17A81E}"
EndProject
Global
	GlobalSection(SolutionConfigurationPlatforms) = preSolution
		Debug|Any CPU = Debug|Any CPU
		Release|Any CPU = Release|Any CPU
	EndGlobalSection
	GlobalSection(ProjectConfigurationPlatforms) = postSolution
		{7282BA62-2026-4B42-8A11-581AB03F589C}.Debug|Any CPU.ActiveCfg = Debug|Any CPU
		{7282BA62-2026-4B42-8A11-581AB03F589C}.Debug|Any CPU.Build.0 = Debug|Any CPU
		{7282BA62-2026-4B42-8A11-581AB03F589C}.Release|Any CPU.ActiveCfg = Release|Any CPU
		{7282BA62-2026-4B42-8A11-581AB03F589C}.Release|Any CPU.Build.0 = Release|Any CPU
		{E2322B34-8666-4211-AA0C-967EF97D0E7C}.Debug|Any CPU.ActiveCfg = Debug|Any CPU
		{E2322B34-8666-4211-AA0C-967EF97D0E7C}.Debug|Any CPU.Build.0 = Debug|Any CPU
		{E2322B34-8666-4211-AA0C-967EF97D0E7C}.Release|Any CPU.ActiveCfg = Release|Any CPU
		{E2322B34-8666-4211-AA0C-967EF97D0E7C}.Release|Any CPU.Build.0 = Release|Any CPU
		{F6F94FB3-9F5C-4FF3-9485-E6CB7698F630}.Debug|Any CPU.ActiveCfg = Debug|Any CPU
		{F6F94FB3-9F5C-4FF3-9485-E6CB7698F630}.Debug|Any CPU.Build.0 = Debug|Any CPU
		{F6F94FB3-9F5C-4FF3-9485-E6CB7698F630}.Release|Any CPU.ActiveCfg = Release|Any CPU
		{F6F94FB3-9F5C-4FF3-9485-E6CB7698F630}.Release|Any CPU.Build.0 = Release|Any CPU
		{398A363A-BE22-4ADE-9855-888A6E68EF93}.Debug|Any CPU.ActiveCfg = Debug|Any CPU
		{398A363A-BE22-4ADE-9855-888A6E68EF93}.Debug|Any CPU.Build.0 = Debug|Any CPU
		{398A363A-BE22-4ADE-9855-888A6E68EF93}.Release|Any CPU.ActiveCfg = Release|Any CPU
		{398A363A-BE22-4ADE-9855-888A6E68EF93}.Release|Any CPU.Build.0 = Release|Any CPU
		{5D2D371D-A678-4A0C-BC06-7AD486550467}.Debug|Any CPU.ActiveCfg = Debug|Any CPU
		{5D2D371D-A678-4A0C-BC06-7AD486550467}.Debug|Any CPU.Build.0 = Debug|Any CPU
		{5D2D371D-A678-4A0C-BC06-7AD486550467}.Release|Any CPU.ActiveCfg = Release|Any CPU
		{5D2D371D-A678-4A0C-BC06-7AD486550467}.Release|Any CPU.Build.0 = Release|Any CPU
		{FF1D2BA4-BA71-4989-AA03-179772F12B92}.Debug|Any CPU.ActiveCfg = Debug|Any CPU
		{FF1D2BA4-BA71-4989-AA03-179772F12B92}.Debug|Any CPU.Build.0 = Debug|Any CPU
		{FF1D2BA4-BA71-4989-AA03-179772F12B92}.Release|Any CPU.ActiveCfg = Release|Any CPU
		{FF1D2BA4-BA71-4989-AA03-179772F12B92}.Release|Any CPU.Build.0 = Release|Any CPU
		{DDF64A42-1D63-4932-96D9-999CFA6C81B0}.Debug|Any CPU.ActiveCfg = Debug|Any CPU
		{DDF64A42-1D63-4932-96D9-999CFA6C81B0}.Debug|Any CPU.Build.0 = Debug|Any CPU
		{DDF64A42-1D63-4932-96D9-999CFA6C81B0}.Release|Any CPU.ActiveCfg = Release|Any CPU
		{DDF64A42-1D63-4932-96D9-999CFA6C81B0}.Release|Any CPU.Build.0 = Release|Any CPU
		{26F9F020-DB9F-4CD6-AFC6-D6F5D919B228}.Debug|Any CPU.ActiveCfg = Debug|Any CPU
		{26F9F020-DB9F-4CD6-AFC6-D6F5D919B228}.Debug|Any CPU.Build.0 = Debug|Any CPU
		{26F9F020-DB9F-4CD6-AFC6-D6F5D919B228}.Release|Any CPU.ActiveCfg = Release|Any CPU
		{26F9F020-DB9F-4CD6-AFC6-D6F5D919B228}.Release|Any CPU.Build.0 = Release|Any CPU
		{F3CE72DD-AF4C-4D93-B4BC-F69FA6719E8A}.Debug|Any CPU.ActiveCfg = Debug|Any CPU
		{F3CE72DD-AF4C-4D93-B4BC-F69FA6719E8A}.Debug|Any CPU.Build.0 = Debug|Any CPU
		{F3CE72DD-AF4C-4D93-B4BC-F69FA6719E8A}.Release|Any CPU.ActiveCfg = Release|Any CPU
		{F3CE72DD-AF4C-4D93-B4BC-F69FA6719E8A}.Release|Any CPU.Build.0 = Release|Any CPU
		{FBF70C6C-1F0E-435D-8215-9F9F21BAC694}.Debug|Any CPU.ActiveCfg = Debug|Any CPU
		{FBF70C6C-1F0E-435D-8215-9F9F21BAC694}.Debug|Any CPU.Build.0 = Debug|Any CPU
		{FBF70C6C-1F0E-435D-8215-9F9F21BAC694}.Release|Any CPU.ActiveCfg = Release|Any CPU
		{FBF70C6C-1F0E-435D-8215-9F9F21BAC694}.Release|Any CPU.Build.0 = Release|Any CPU
		{59946FE9-DD3B-4993-937A-C72D5115E46A}.Debug|Any CPU.ActiveCfg = Debug|Any CPU
		{59946FE9-DD3B-4993-937A-C72D5115E46A}.Debug|Any CPU.Build.0 = Debug|Any CPU
		{59946FE9-DD3B-4993-937A-C72D5115E46A}.Release|Any CPU.ActiveCfg = Release|Any CPU
		{59946FE9-DD3B-4993-937A-C72D5115E46A}.Release|Any CPU.Build.0 = Release|Any CPU
		{4B7494A6-E2F6-482D-8903-0BE1CE1C0BD9}.Debug|Any CPU.ActiveCfg = Debug|Any CPU
		{4B7494A6-E2F6-482D-8903-0BE1CE1C0BD9}.Debug|Any CPU.Build.0 = Debug|Any CPU
		{4B7494A6-E2F6-482D-8903-0BE1CE1C0BD9}.Release|Any CPU.ActiveCfg = Release|Any CPU
		{4B7494A6-E2F6-482D-8903-0BE1CE1C0BD9}.Release|Any CPU.Build.0 = Release|Any CPU
		{C4D321EE-FA45-49F0-B5AC-AF1433E9A471}.Debug|Any CPU.ActiveCfg = Debug|Any CPU
		{C4D321EE-FA45-49F0-B5AC-AF1433E9A471}.Debug|Any CPU.Build.0 = Debug|Any CPU
		{C4D321EE-FA45-49F0-B5AC-AF1433E9A471}.Release|Any CPU.ActiveCfg = Release|Any CPU
		{C4D321EE-FA45-49F0-B5AC-AF1433E9A471}.Release|Any CPU.Build.0 = Release|Any CPU
		{AAC1814D-9D18-40E9-802B-8D6C6187CE10}.Debug|Any CPU.ActiveCfg = Debug|Any CPU
		{AAC1814D-9D18-40E9-802B-8D6C6187CE10}.Debug|Any CPU.Build.0 = Debug|Any CPU
		{AAC1814D-9D18-40E9-802B-8D6C6187CE10}.Release|Any CPU.ActiveCfg = Release|Any CPU
		{AAC1814D-9D18-40E9-802B-8D6C6187CE10}.Release|Any CPU.Build.0 = Release|Any CPU
		{B9A8FC83-CB2D-4031-AD81-4A01E10E93C0}.Debug|Any CPU.ActiveCfg = Debug|Any CPU
		{B9A8FC83-CB2D-4031-AD81-4A01E10E93C0}.Debug|Any CPU.Build.0 = Debug|Any CPU
		{B9A8FC83-CB2D-4031-AD81-4A01E10E93C0}.Release|Any CPU.ActiveCfg = Release|Any CPU
		{B9A8FC83-CB2D-4031-AD81-4A01E10E93C0}.Release|Any CPU.Build.0 = Release|Any CPU
		{56445107-59DD-4309-8219-0D7E0D4CC7A1}.Debug|Any CPU.ActiveCfg = Debug|Any CPU
		{56445107-59DD-4309-8219-0D7E0D4CC7A1}.Debug|Any CPU.Build.0 = Debug|Any CPU
		{56445107-59DD-4309-8219-0D7E0D4CC7A1}.Release|Any CPU.ActiveCfg = Release|Any CPU
		{56445107-59DD-4309-8219-0D7E0D4CC7A1}.Release|Any CPU.Build.0 = Release|Any CPU
		{D55F5973-0460-409E-9373-DAB5E61AB5F7}.Debug|Any CPU.ActiveCfg = Debug|Any CPU
		{D55F5973-0460-409E-9373-DAB5E61AB5F7}.Debug|Any CPU.Build.0 = Debug|Any CPU
		{D55F5973-0460-409E-9373-DAB5E61AB5F7}.Release|Any CPU.ActiveCfg = Release|Any CPU
		{D55F5973-0460-409E-9373-DAB5E61AB5F7}.Release|Any CPU.Build.0 = Release|Any CPU
		{2231CF6B-9548-4D28-9279-0DA907E8485B}.Debug|Any CPU.ActiveCfg = Debug|Any CPU
		{2231CF6B-9548-4D28-9279-0DA907E8485B}.Debug|Any CPU.Build.0 = Debug|Any CPU
		{2231CF6B-9548-4D28-9279-0DA907E8485B}.Release|Any CPU.ActiveCfg = Release|Any CPU
		{2231CF6B-9548-4D28-9279-0DA907E8485B}.Release|Any CPU.Build.0 = Release|Any CPU
		{E562060D-92AF-4A39-9909-1211F3FAF9DD}.Debug|Any CPU.ActiveCfg = Debug|Any CPU
		{E562060D-92AF-4A39-9909-1211F3FAF9DD}.Debug|Any CPU.Build.0 = Debug|Any CPU
		{E562060D-92AF-4A39-9909-1211F3FAF9DD}.Release|Any CPU.ActiveCfg = Release|Any CPU
		{E562060D-92AF-4A39-9909-1211F3FAF9DD}.Release|Any CPU.Build.0 = Release|Any CPU
		{9C00CE73-6238-40F7-B1FB-57EB5EA0E816}.Debug|Any CPU.ActiveCfg = Debug|Any CPU
		{9C00CE73-6238-40F7-B1FB-57EB5EA0E816}.Debug|Any CPU.Build.0 = Debug|Any CPU
		{9C00CE73-6238-40F7-B1FB-57EB5EA0E816}.Release|Any CPU.ActiveCfg = Release|Any CPU
		{9C00CE73-6238-40F7-B1FB-57EB5EA0E816}.Release|Any CPU.Build.0 = Release|Any CPU
		{30C8E320-20DF-49A2-BC60-83614B17A81E}.Debug|Any CPU.ActiveCfg = Debug|Any CPU
		{30C8E320-20DF-49A2-BC60-83614B17A81E}.Debug|Any CPU.Build.0 = Debug|Any CPU
		{30C8E320-20DF-49A2-BC60-83614B17A81E}.Release|Any CPU.ActiveCfg = Release|Any CPU
		{30C8E320-20DF-49A2-BC60-83614B17A81E}.Release|Any CPU.Build.0 = Release|Any CPU
	EndGlobalSection
	GlobalSection(NestedProjects) = preSolution
		{7282BA62-2026-4B42-8A11-581AB03F589C} = {F3AA041E-331E-4B9B-80E6-A984C496E476}
		{E2322B34-8666-4211-AA0C-967EF97D0E7C} = {BBB20D6E-C8C9-4169-9F46-44E307B5A545}
		{F6F94FB3-9F5C-4FF3-9485-E6CB7698F630} = {BBB20D6E-C8C9-4169-9F46-44E307B5A545}
		{F3AA041E-331E-4B9B-80E6-A984C496E476} = {B1E958E3-FBD0-4068-BEF5-84103D0870AC}
		{BBB20D6E-C8C9-4169-9F46-44E307B5A545} = {B1E958E3-FBD0-4068-BEF5-84103D0870AC}
		{398A363A-BE22-4ADE-9855-888A6E68EF93} = {BBB20D6E-C8C9-4169-9F46-44E307B5A545}
		{CF5195DB-3FF6-4592-9C13-9520176C8E5F} = {B1E958E3-FBD0-4068-BEF5-84103D0870AC}
		{5D2D371D-A678-4A0C-BC06-7AD486550467} = {CF5195DB-3FF6-4592-9C13-9520176C8E5F}
		{FF1D2BA4-BA71-4989-AA03-179772F12B92} = {CF5195DB-3FF6-4592-9C13-9520176C8E5F}
		{4B7494A6-E2F6-482D-8903-0BE1CE1C0BD9} = {CF5195DB-3FF6-4592-9C13-9520176C8E5F}
		{0BA6D3D2-F419-4ED3-A9CB-2B83BF2EFC2D} = {CF5195DB-3FF6-4592-9C13-9520176C8E5F}
		{26F9F020-DB9F-4CD6-AFC6-D6F5D919B228} = {0BA6D3D2-F419-4ED3-A9CB-2B83BF2EFC2D}
		{2F75B7B1-FF30-4B6F-82FB-27008C4053CE} = {F3AA041E-331E-4B9B-80E6-A984C496E476}
		{9E8F93B9-874E-456E-849D-3370BDA7D2FD} = {BBB20D6E-C8C9-4169-9F46-44E307B5A545}
		{DDF64A42-1D63-4932-96D9-999CFA6C81B0} = {9E8F93B9-874E-456E-849D-3370BDA7D2FD}
		{FBF70C6C-1F0E-435D-8215-9F9F21BAC694} = {2F75B7B1-FF30-4B6F-82FB-27008C4053CE}
		{59946FE9-DD3B-4993-937A-C72D5115E46A} = {2F75B7B1-FF30-4B6F-82FB-27008C4053CE}
		{C4D321EE-FA45-49F0-B5AC-AF1433E9A471} = {2F75B7B1-FF30-4B6F-82FB-27008C4053CE}
		{AAC1814D-9D18-40E9-802B-8D6C6187CE10} = {9E8F93B9-874E-456E-849D-3370BDA7D2FD}
		{B9A8FC83-CB2D-4031-AD81-4A01E10E93C0} = {0BA6D3D2-F419-4ED3-A9CB-2B83BF2EFC2D}
		{59FB7D8C-374D-45B9-A17E-446B92720E07} = {0BA6D3D2-F419-4ED3-A9CB-2B83BF2EFC2D}
		{56445107-59DD-4309-8219-0D7E0D4CC7A1} = {59FB7D8C-374D-45B9-A17E-446B92720E07}
		{F3CE72DD-AF4C-4D93-B4BC-F69FA6719E8A} = {59FB7D8C-374D-45B9-A17E-446B92720E07}
		{F08AB9A7-2197-4534-81F2-46E1492686B2} = {B1E958E3-FBD0-4068-BEF5-84103D0870AC}
		{B9A11BA6-E295-4937-8B7B-43F3B2F5D78F} = {F08AB9A7-2197-4534-81F2-46E1492686B2}
		{D55F5973-0460-409E-9373-DAB5E61AB5F7} = {B9A11BA6-E295-4937-8B7B-43F3B2F5D78F}
		{2231CF6B-9548-4D28-9279-0DA907E8485B} = {B9A11BA6-E295-4937-8B7B-43F3B2F5D78F}
		{E562060D-92AF-4A39-9909-1211F3FAF9DD} = {F08AB9A7-2197-4534-81F2-46E1492686B2}
		{9C00CE73-6238-40F7-B1FB-57EB5EA0E816} = {F08AB9A7-2197-4534-81F2-46E1492686B2}
		{30C8E320-20DF-49A2-BC60-83614B17A81E} = {F08AB9A7-2197-4534-81F2-46E1492686B2}
	EndGlobalSection
EndGlobal
